
Microsoft Visual Studio Solution File, Format Version 12.00
# Visual Studio Version 17
VisualStudioVersion = 17.11.35222.181
MinimumVisualStudioVersion = 10.0.40219.1
Project("{8BC9CEB8-8B4A-11D0-8D11-00A0C91BC942}") = "lab10.1b", "lab10.1b.vcxproj", "{08F962BE-1533-40AD-8E1F-5C9AA68CB9B3}"
EndProject
Project("{8BC9CEB8-8B4A-11D0-8D11-00A0C91BC942}") = "UnitTest10.1b", "..\UnitTest10.1b\UnitTest10.1b.vcxproj", "{F0944C21-80FC-4794-8B71-9CD6A7A9D770}"
EndProject
Global
	GlobalSection(SolutionConfigurationPlatforms) = preSolution
		Debug|x64 = Debug|x64
		Debug|x86 = Debug|x86
		Release|x64 = Release|x64
		Release|x86 = Release|x86
	EndGlobalSection
	GlobalSection(ProjectConfigurationPlatforms) = postSolution
		{08F962BE-1533-40AD-8E1F-5C9AA68CB9B3}.Debug|x64.ActiveCfg = Debug|x64
		{08F962BE-1533-40AD-8E1F-5C9AA68CB9B3}.Debug|x64.Build.0 = Debug|x64
		{08F962BE-1533-40AD-8E1F-5C9AA68CB9B3}.Debug|x86.ActiveCfg = Debug|Win32
		{08F962BE-1533-40AD-8E1F-5C9AA68CB9B3}.Debug|x86.Build.0 = Debug|Win32
		{08F962BE-1533-40AD-8E1F-5C9AA68CB9B3}.Release|x64.ActiveCfg = Release|x64
		{08F962BE-1533-40AD-8E1F-5C9AA68CB9B3}.Release|x64.Build.0 = Release|x64
		{08F962BE-1533-40AD-8E1F-5C9AA68CB9B3}.Release|x86.ActiveCfg = Release|Win32
		{08F962BE-1533-40AD-8E1F-5C9AA68CB9B3}.Release|x86.Build.0 = Release|Win32
		{F0944C21-80FC-4794-8B71-9CD6A7A9D770}.Debug|x64.ActiveCfg = Debug|x64
		{F0944C21-80FC-4794-8B71-9CD6A7A9D770}.Debug|x64.Build.0 = Debug|x64
		{F0944C21-80FC-4794-8B71-9CD6A7A9D770}.Debug|x86.ActiveCfg = Debug|Win32
		{F0944C21-80FC-4794-8B71-9CD6A7A9D770}.Debug|x86.Build.0 = Debug|Win32
		{F0944C21-80FC-4794-8B71-9CD6A7A9D770}.Release|x64.ActiveCfg = Release|x64
		{F0944C21-80FC-4794-8B71-9CD6A7A9D770}.Release|x64.Build.0 = Release|x64
		{F0944C21-80FC-4794-8B71-9CD6A7A9D770}.Release|x86.ActiveCfg = Release|Win32
		{F0944C21-80FC-4794-8B71-9CD6A7A9D770}.Release|x86.Build.0 = Release|Win32
	EndGlobalSection
	GlobalSection(SolutionProperties) = preSolution
		HideSolutionNode = FALSE
	EndGlobalSection
	GlobalSection(ExtensibilityGlobals) = postSolution
		SolutionGuid = {08E5A987-29C8-415F-A6B4-D8506F2E4AE0}
	EndGlobalSection
EndGlobal
